
Microsoft Visual Studio Solution File, Format Version 12.00
# Visual Studio Version 17
VisualStudioVersion = 17.0.31903.59
MinimumVisualStudioVersion = 10.0.40219.1
Project("{FAE04EC0-301F-11D3-BF4B-00C04F79EFBC}") = "Shared", "Shared\Shared.csproj", "{49D081A2-4B15-4F4D-8C22-CA1148DF83C0}"
EndProject
Project("{FAE04EC0-301F-11D3-BF4B-00C04F79EFBC}") = "OneAccess", "OneAccess\OneAccess.csproj", "{C1D0B0B8-5491-4B6C-89B1-17994F082ECE}"
EndProject
Project("{FAE04EC0-301F-11D3-BF4B-00C04F79EFBC}") = "SquarUI", "SquarUI\SquarUI.csproj", "{FB7B8DAB-1D9B-4E43-A0C3-B5991EE52749}"
EndProject
Project("{FAE04EC0-301F-11D3-BF4B-00C04F79EFBC}") = "LettersAdmin", "LettersAdmin\LettersAdmin.csproj", "{0E4A102F-1C09-460E-AAB3-617344582731}"
EndProject
Global
	GlobalSection(SolutionConfigurationPlatforms) = preSolution
		Debug|Any CPU = Debug|Any CPU
		Debug|x64 = Debug|x64
		Debug|x86 = Debug|x86
		Release|Any CPU = Release|Any CPU
		Release|x64 = Release|x64
		Release|x86 = Release|x86
	EndGlobalSection
	GlobalSection(ProjectConfigurationPlatforms) = postSolution
		{49D081A2-4B15-4F4D-8C22-CA1148DF83C0}.Debug|Any CPU.ActiveCfg = Debug|Any CPU
		{49D081A2-4B15-4F4D-8C22-CA1148DF83C0}.Debug|Any CPU.Build.0 = Debug|Any CPU
		{49D081A2-4B15-4F4D-8C22-CA1148DF83C0}.Debug|x64.ActiveCfg = Debug|Any CPU
		{49D081A2-4B15-4F4D-8C22-CA1148DF83C0}.Debug|x64.Build.0 = Debug|Any CPU
		{49D081A2-4B15-4F4D-8C22-CA1148DF83C0}.Debug|x86.ActiveCfg = Debug|Any CPU
		{49D081A2-4B15-4F4D-8C22-CA1148DF83C0}.Debug|x86.Build.0 = Debug|Any CPU
		{49D081A2-4B15-4F4D-8C22-CA1148DF83C0}.Release|Any CPU.ActiveCfg = Release|Any CPU
		{49D081A2-4B15-4F4D-8C22-CA1148DF83C0}.Release|Any CPU.Build.0 = Release|Any CPU
		{49D081A2-4B15-4F4D-8C22-CA1148DF83C0}.Release|x64.ActiveCfg = Release|Any CPU
		{49D081A2-4B15-4F4D-8C22-CA1148DF83C0}.Release|x64.Build.0 = Release|Any CPU
		{49D081A2-4B15-4F4D-8C22-CA1148DF83C0}.Release|x86.ActiveCfg = Release|Any CPU
		{49D081A2-4B15-4F4D-8C22-CA1148DF83C0}.Release|x86.Build.0 = Release|Any CPU
		{C1D0B0B8-5491-4B6C-89B1-17994F082ECE}.Debug|Any CPU.ActiveCfg = Debug|Any CPU
		{C1D0B0B8-5491-4B6C-89B1-17994F082ECE}.Debug|Any CPU.Build.0 = Debug|Any CPU
		{C1D0B0B8-5491-4B6C-89B1-17994F082ECE}.Debug|x64.ActiveCfg = Debug|Any CPU
		{C1D0B0B8-5491-4B6C-89B1-17994F082ECE}.Debug|x64.Build.0 = Debug|Any CPU
		{C1D0B0B8-5491-4B6C-89B1-17994F082ECE}.Debug|x86.ActiveCfg = Debug|Any CPU
		{C1D0B0B8-5491-4B6C-89B1-17994F082ECE}.Debug|x86.Build.0 = Debug|Any CPU
		{C1D0B0B8-5491-4B6C-89B1-17994F082ECE}.Release|Any CPU.ActiveCfg = Release|Any CPU
		{C1D0B0B8-5491-4B6C-89B1-17994F082ECE}.Release|Any CPU.Build.0 = Release|Any CPU
		{C1D0B0B8-5491-4B6C-89B1-17994F082ECE}.Release|x64.ActiveCfg = Release|Any CPU
		{C1D0B0B8-5491-4B6C-89B1-17994F082ECE}.Release|x64.Build.0 = Release|Any CPU
		{C1D0B0B8-5491-4B6C-89B1-17994F082ECE}.Release|x86.ActiveCfg = Release|Any CPU
		{C1D0B0B8-5491-4B6C-89B1-17994F082ECE}.Release|x86.Build.0 = Release|Any CPU
		{FB7B8DAB-1D9B-4E43-A0C3-B5991EE52749}.Debug|Any CPU.ActiveCfg = Debug|Any CPU
		{FB7B8DAB-1D9B-4E43-A0C3-B5991EE52749}.Debug|Any CPU.Build.0 = Debug|Any CPU
		{FB7B8DAB-1D9B-4E43-A0C3-B5991EE52749}.Debug|x64.ActiveCfg = Debug|Any CPU
		{FB7B8DAB-1D9B-4E43-A0C3-B5991EE52749}.Debug|x64.Build.0 = Debug|Any CPU
		{FB7B8DAB-1D9B-4E43-A0C3-B5991EE52749}.Debug|x86.ActiveCfg = Debug|Any CPU
		{FB7B8DAB-1D9B-4E43-A0C3-B5991EE52749}.Debug|x86.Build.0 = Debug|Any CPU
		{FB7B8DAB-1D9B-4E43-A0C3-B5991EE52749}.Release|Any CPU.ActiveCfg = Release|Any CPU
		{FB7B8DAB-1D9B-4E43-A0C3-B5991EE52749}.Release|Any CPU.Build.0 = Release|Any CPU
		{FB7B8DAB-1D9B-4E43-A0C3-B5991EE52749}.Release|x64.ActiveCfg = Release|Any CPU
		{FB7B8DAB-1D9B-4E43-A0C3-B5991EE52749}.Release|x64.Build.0 = Release|Any CPU
		{FB7B8DAB-1D9B-4E43-A0C3-B5991EE52749}.Release|x86.ActiveCfg = Release|Any CPU
		{FB7B8DAB-1D9B-4E43-A0C3-B5991EE52749}.Release|x86.Build.0 = Release|Any CPU
		{0E4A102F-1C09-460E-AAB3-617344582731}.Debug|Any CPU.ActiveCfg = Debug|Any CPU
		{0E4A102F-1C09-460E-AAB3-617344582731}.Debug|Any CPU.Build.0 = Debug|Any CPU
		{0E4A102F-1C09-460E-AAB3-617344582731}.Debug|x64.ActiveCfg = Debug|Any CPU
		{0E4A102F-1C09-460E-AAB3-617344582731}.Debug|x64.Build.0 = Debug|Any CPU
		{0E4A102F-1C09-460E-AAB3-617344582731}.Debug|x86.ActiveCfg = Debug|Any CPU
		{0E4A102F-1C09-460E-AAB3-617344582731}.Debug|x86.Build.0 = Debug|Any CPU
		{0E4A102F-1C09-460E-AAB3-617344582731}.Release|Any CPU.ActiveCfg = Release|Any CPU
		{0E4A102F-1C09-460E-AAB3-617344582731}.Release|Any CPU.Build.0 = Release|Any CPU
		{0E4A102F-1C09-460E-AAB3-617344582731}.Release|x64.ActiveCfg = Release|Any CPU
		{0E4A102F-1C09-460E-AAB3-617344582731}.Release|x64.Build.0 = Release|Any CPU
		{0E4A102F-1C09-460E-AAB3-617344582731}.Release|x86.ActiveCfg = Release|Any CPU
		{0E4A102F-1C09-460E-AAB3-617344582731}.Release|x86.Build.0 = Release|Any CPU
	EndGlobalSection
	GlobalSection(SolutionProperties) = preSolution
		HideSolutionNode = FALSE
	EndGlobalSection
EndGlobal
